
Microsoft Visual Studio Solution File, Format Version 12.00
# Visual Studio 15
VisualStudioVersion = 15.0.26430.16
MinimumVisualStudioVersion = 10.0.40219.1
Project("{D954291E-2A0B-460D-934E-DC6B0785DB48}") = "PropertyFilesGenerator", "PropertyFilesGenerator\PropertyFilesGenerator.shproj", "{144F724E-BD37-4AF3-B706-D238BAF47B89}"
EndProject
Global
	GlobalSection(SharedMSBuildProjectFiles) = preSolution
		PropertyFilesGenerator\PropertyFilesGenerator.projitems*{144f724e-bd37-4af3-b706-d238baf47b89}*SharedItemsImports = 13
	EndGlobalSection
	GlobalSection(SolutionProperties) = preSolution
		HideSolutionNode = FALSE
	EndGlobalSection
EndGlobal
